<?xml version="1.0" encoding="utf-8"?>
<Project ToolsVersion="4.0" xmlns="http://schemas.microsoft.com/developer/msbuild/2003">
  <ItemGroup>
    <Filter Include="源文件">
      <UniqueIdentifier>{4FC737F1-C7A5-4376-A066-2A32D752A2FF}</UniqueIdentifier>
      <Extensions>cpp;c;cc;cxx;c++;cppm;ixx;def;odl;idl;hpj;bat;asm;asmx</Extensions>
    </Filter>
    <Filter Include="头文件">
      <UniqueIdentifier>{93995380-89BD-4b04-88EB-625FBE52EBFB}</UniqueIdentifier>
      <Extensions>h;hh;hpp;hxx;h++;hm;inl;inc;ipp;xsd</Extensions>
    </Filter>
    <Filter Include="资源文件">
      <UniqueIdentifier>{67DA6AB6-F800-4c08-8B7A-83BB121AAD01}</UniqueIdentifier>
      <Extensions>rc;ico;cur;bmp;dlg;rc2;rct;bin;rgs;gif;jpg;jpeg;jpe;resx;tiff;tif;png;wav;mfcribbon-ms</Extensions>
    </Filter>
    <Filter Include="头文件\Tree">
      <UniqueIdentifier>{6720983d-ab36-44f5-b03c-a3eed486319f}</UniqueIdentifier>
    </Filter>
    <Filter Include="源文件\Tree">
      <UniqueIdentifier>{dc69e89d-89bd-493e-acae-b9e0caf7dc31}</UniqueIdentifier>
    </Filter>
    <Filter Include="头文件\LineList">
      <UniqueIdentifier>{82102275-8972-461c-b215-de41b130ba52}</UniqueIdentifier>
    </Filter>
    <Filter Include="头文件\Search">
      <UniqueIdentifier>{de0bbbc7-4027-467b-9d3a-196ad56dc7ea}</UniqueIdentifier>
    </Filter>
    <Filter Include="头文件\Sort">
      <UniqueIdentifier>{5b6867af-a408-439e-a5b6-6427391897b1}</UniqueIdentifier>
    </Filter>
    <Filter Include="源文件\Search">
      <UniqueIdentifier>{39875518-ef90-48a4-8681-6b2445558854}</UniqueIdentifier>
    </Filter>
    <Filter Include="源文件\LineList">
      <UniqueIdentifier>{289ca0ad-4a6a-4b3a-b252-6ad147d9fc67}</UniqueIdentifier>
    </Filter>
    <Filter Include="源文件\Sort">
      <UniqueIdentifier>{9e918f39-f611-4df4-8987-052235a25a1f}</UniqueIdentifier>
    </Filter>
    <Filter Include="头文件\Graph">
      <UniqueIdentifier>{abf136a5-d1b0-4719-80e7-c73feaf9364c}</UniqueIdentifier>
    </Filter>
    <Filter Include="源文件\Graph">
      <UniqueIdentifier>{a5b86997-5506-4ddb-a2d3-0d1fdadd2426}</UniqueIdentifier>
    </Filter>
    <Filter Include="头文件\MyTest">
      <UniqueIdentifier>{4ba41e64-949f-4e02-aa77-932a2b4f6a69}</UniqueIdentifier>
    </Filter>
    <Filter Include="源文件\MyTest">
      <UniqueIdentifier>{d1db1b05-ca0d-4a5b-9e42-ccbdb41db385}</UniqueIdentifier>
    </Filter>
    <Filter Include="头文件\stack">
      <UniqueIdentifier>{bd7fc19a-e8fe-4dfb-98de-e4b7494181fc}</UniqueIdentifier>
    </Filter>
    <Filter Include="源文件\stack">
      <UniqueIdentifier>{7428c1a1-0b19-4a79-bbef-64fdae6a7183}</UniqueIdentifier>
    </Filter>
    <Filter Include="头文件\Glist">
      <UniqueIdentifier>{c2761ec8-c631-4f6b-b4e4-f516300fea79}</UniqueIdentifier>
    </Filter>
    <Filter Include="源文件\Glist">
      <UniqueIdentifier>{946fbb95-114b-4f97-918f-2c4ba44dc5c1}</UniqueIdentifier>
    </Filter>
  </ItemGroup>
  <ItemGroup>
    <ClCompile Include="main.cpp">
      <Filter>源文件</Filter>
    </ClCompile>
    <ClCompile Include="BTreeNode.cpp">
      <Filter>源文件\Search</Filter>
    </ClCompile>
    <ClCompile Include="BTree.cpp">
      <Filter>源文件\Search</Filter>
    </ClCompile>
    <ClCompile Include="Mysearch.cpp">
      <Filter>源文件\Search</Filter>
    </ClCompile>
    <ClCompile Include="Mysort.cpp">
      <Filter>源文件\Sort</Filter>
    </ClCompile>
    <ClCompile Include="SqList.cpp">
      <Filter>源文件\LineList</Filter>
    </ClCompile>
    <ClCompile Include="BiTree.cpp">
      <Filter>源文件\Tree</Filter>
    </ClCompile>
    <ClCompile Include="ArcNode.cpp">
      <Filter>源文件\Graph</Filter>
    </ClCompile>
    <ClCompile Include="Graph.cpp">
      <Filter>源文件\Graph</Filter>
    </ClCompile>
    <ClCompile Include="VNode.cpp">
      <Filter>源文件\Graph</Filter>
    </ClCompile>
    <ClCompile Include="BitNode.CPP">
      <Filter>源文件\Tree</Filter>
    </ClCompile>
    <ClCompile Include="AVLTreeNode.cpp">
      <Filter>源文件\Tree</Filter>
    </ClCompile>
    <ClCompile Include="AVLTree.cpp">
      <Filter>源文件\Tree</Filter>
    </ClCompile>
    <ClCompile Include="ChapterTwoTest.cpp">
      <Filter>源文件\MyTest</Filter>
    </ClCompile>
    <ClCompile Include="LNode.cpp">
      <Filter>源文件\LineList</Filter>
    </ClCompile>
    <ClCompile Include="LinkList.cpp">
      <Filter>源文件\LineList</Filter>
    </ClCompile>
    <ClCompile Include="DNode.cpp">
      <Filter>源文件\LineList</Filter>
    </ClCompile>
    <ClCompile Include="SqStack.cpp">
      <Filter>源文件\stack</Filter>
    </ClCompile>
    <ClCompile Include="LinkStack.cpp">
      <Filter>源文件\stack</Filter>
    </ClCompile>
    <ClCompile Include="ChapterEightTest.cpp">
      <Filter>源文件\MyTest</Filter>
    </ClCompile>
    <ClCompile Include="BAddTree.cpp">
      <Filter>源文件\Search</Filter>
    </ClCompile>
    <ClCompile Include="BAddTreeNode.cpp">
      <Filter>源文件\Search</Filter>
    </ClCompile>
    <ClCompile Include="examtest.cpp">
      <Filter>源文件\MyTest</Filter>
    </ClCompile>
  </ItemGroup>
  <ItemGroup>
    <ClInclude Include="common.h">
      <Filter>头文件</Filter>
    </ClInclude>
    <ClInclude Include="IndexTable.h">
      <Filter>头文件\Search</Filter>
    </ClInclude>
    <ClInclude Include="BTree.h">
      <Filter>头文件\Search</Filter>
    </ClInclude>
    <ClInclude Include="BTreeNode.h">
      <Filter>头文件\Search</Filter>
    </ClInclude>
    <ClInclude Include="SSTable.h">
      <Filter>头文件\Search</Filter>
    </ClInclude>
    <ClInclude Include="Mysearch.h">
      <Filter>头文件\Search</Filter>
    </ClInclude>
    <ClInclude Include="Mysort.h">
      <Filter>头文件\Sort</Filter>
    </ClInclude>
    <ClInclude Include="SqList.h">
      <Filter>头文件\LineList</Filter>
    </ClInclude>
    <ClInclude Include="BitNode.h">
      <Filter>头文件\Tree</Filter>
    </ClInclude>
    <ClInclude Include="Graph.h">
      <Filter>头文件\Graph</Filter>
    </ClInclude>
    <ClInclude Include="ArcNode.h">
      <Filter>头文件\Graph</Filter>
    </ClInclude>
    <ClInclude Include="BiTree.h">
      <Filter>头文件\Tree</Filter>
    </ClInclude>
    <ClInclude Include="VNode.h">
      <Filter>头文件\Graph</Filter>
    </ClInclude>
    <ClInclude Include="AVLTreeNode.h">
      <Filter>头文件\Tree</Filter>
    </ClInclude>
    <ClInclude Include="AVLTree.h">
      <Filter>头文件\Tree</Filter>
    </ClInclude>
    <ClInclude Include="ChapterTwoTest.h">
      <Filter>头文件\MyTest</Filter>
    </ClInclude>
    <ClInclude Include="LNode.h">
      <Filter>头文件\LineList</Filter>
    </ClInclude>
    <ClInclude Include="LinkList.h">
      <Filter>头文件\LineList</Filter>
    </ClInclude>
    <ClInclude Include="DNode.h">
      <Filter>头文件\LineList</Filter>
    </ClInclude>
    <ClInclude Include="sqStack.h">
      <Filter>头文件\stack</Filter>
    </ClInclude>
    <ClInclude Include="LinkStack.h">
      <Filter>头文件\stack</Filter>
    </ClInclude>
    <ClInclude Include="ChapterEightTest.h">
      <Filter>头文件\MyTest</Filter>
    </ClInclude>
    <ClInclude Include="BAddTree.h">
      <Filter>头文件\Search</Filter>
    </ClInclude>
    <ClInclude Include="BAddTreeNode.h">
      <Filter>头文件\Search</Filter>
    </ClInclude>
    <ClInclude Include="examtest.h">
      <Filter>头文件</Filter>
    </ClInclude>
    <ClInclude Include="Glist.h">
      <Filter>头文件\Glist</Filter>
    </ClInclude>
  </ItemGroup>
  <ItemGroup>
    <None Include="DataStruct.licenseheader" />
  </ItemGroup>
</Project>